
Microsoft Visual Studio Solution File, Format Version 12.00
# Visual Studio Version 16
VisualStudioVersion = 16.0.28621.142
MinimumVisualStudioVersion = 10.0.40219.1
Project("{FAE04EC0-301F-11D3-BF4B-00C04F79EFBC}") = "App1.Android", "App1\App1.Android\App1.Android.csproj", "{D066CF9A-5D5F-44AC-9076-99A1B1D52247}"
EndProject
Project("{FAE04EC0-301F-11D3-BF4B-00C04F79EFBC}") = "App1.iOS", "App1\App1.iOS\App1.iOS.csproj", "{14E72E1A-8E9E-4828-BDD8-3D4833844513}"
EndProject
Project("{FAE04EC0-301F-11D3-BF4B-00C04F79EFBC}") = "App1", "App1\App1\App1.csproj", "{4F700AC0-80FF-453B-8684-6DF29851A10F}"
EndProject
Global
	GlobalSection(SolutionConfigurationPlatforms) = preSolution
		Debug|Any CPU = Debug|Any CPU
		Debug|iPhone = Debug|iPhone
		Debug|iPhoneSimulator = Debug|iPhoneSimulator
		Release|Any CPU = Release|Any CPU
		Release|iPhone = Release|iPhone
		Release|iPhoneSimulator = Release|iPhoneSimulator
	EndGlobalSection
	GlobalSection(ProjectConfigurationPlatforms) = postSolution
		{D066CF9A-5D5F-44AC-9076-99A1B1D52247}.Debug|Any CPU.ActiveCfg = Debug|Any CPU
		{D066CF9A-5D5F-44AC-9076-99A1B1D52247}.Debug|Any CPU.Build.0 = Debug|Any CPU
		{D066CF9A-5D5F-44AC-9076-99A1B1D52247}.Debug|Any CPU.Deploy.0 = Debug|Any CPU
		{D066CF9A-5D5F-44AC-9076-99A1B1D52247}.Debug|iPhone.ActiveCfg = Debug|Any CPU
		{D066CF9A-5D5F-44AC-9076-99A1B1D52247}.Debug|iPhone.Build.0 = Debug|Any CPU
		{D066CF9A-5D5F-44AC-9076-99A1B1D52247}.Debug|iPhone.Deploy.0 = Debug|Any CPU
		{D066CF9A-5D5F-44AC-9076-99A1B1D52247}.Debug|iPhoneSimulator.ActiveCfg = Debug|Any CPU
		{D066CF9A-5D5F-44AC-9076-99A1B1D52247}.Debug|iPhoneSimulator.Build.0 = Debug|Any CPU
		{D066CF9A-5D5F-44AC-9076-99A1B1D52247}.Debug|iPhoneSimulator.Deploy.0 = Debug|Any CPU
		{D066CF9A-5D5F-44AC-9076-99A1B1D52247}.Release|Any CPU.ActiveCfg = Release|Any CPU
		{D066CF9A-5D5F-44AC-9076-99A1B1D52247}.Release|Any CPU.Build.0 = Release|Any CPU
		{D066CF9A-5D5F-44AC-9076-99A1B1D52247}.Release|Any CPU.Deploy.0 = Release|Any CPU
		{D066CF9A-5D5F-44AC-9076-99A1B1D52247}.Release|iPhone.ActiveCfg = Release|Any CPU
		{D066CF9A-5D5F-44AC-9076-99A1B1D52247}.Release|iPhone.Build.0 = Release|Any CPU
		{D066CF9A-5D5F-44AC-9076-99A1B1D52247}.Release|iPhone.Deploy.0 = Release|Any CPU
		{D066CF9A-5D5F-44AC-9076-99A1B1D52247}.Release|iPhoneSimulator.ActiveCfg = Release|Any CPU
		{D066CF9A-5D5F-44AC-9076-99A1B1D52247}.Release|iPhoneSimulator.Build.0 = Release|Any CPU
		{D066CF9A-5D5F-44AC-9076-99A1B1D52247}.Release|iPhoneSimulator.Deploy.0 = Release|Any CPU
		{14E72E1A-8E9E-4828-BDD8-3D4833844513}.Debug|Any CPU.ActiveCfg = Debug|iPhoneSimulator
		{14E72E1A-8E9E-4828-BDD8-3D4833844513}.Debug|Any CPU.Build.0 = Debug|iPhoneSimulator
		{14E72E1A-8E9E-4828-BDD8-3D4833844513}.Debug|Any CPU.Deploy.0 = Debug|iPhoneSimulator
		{14E72E1A-8E9E-4828-BDD8-3D4833844513}.Debug|iPhone.ActiveCfg = Debug|iPhone
		{14E72E1A-8E9E-4828-BDD8-3D4833844513}.Debug|iPhone.Build.0 = Debug|iPhone
		{14E72E1A-8E9E-4828-BDD8-3D4833844513}.Debug|iPhone.Deploy.0 = Debug|iPhone
		{14E72E1A-8E9E-4828-BDD8-3D4833844513}.Debug|iPhoneSimulator.ActiveCfg = Debug|iPhoneSimulator
		{14E72E1A-8E9E-4828-BDD8-3D4833844513}.Debug|iPhoneSimulator.Build.0 = Debug|iPhoneSimulator
		{14E72E1A-8E9E-4828-BDD8-3D4833844513}.Debug|iPhoneSimulator.Deploy.0 = Debug|iPhoneSimulator
		{14E72E1A-8E9E-4828-BDD8-3D4833844513}.Release|Any CPU.ActiveCfg = Release|iPhone
		{14E72E1A-8E9E-4828-BDD8-3D4833844513}.Release|Any CPU.Build.0 = Release|iPhone
		{14E72E1A-8E9E-4828-BDD8-3D4833844513}.Release|Any CPU.Deploy.0 = Release|iPhone
		{14E72E1A-8E9E-4828-BDD8-3D4833844513}.Release|iPhone.ActiveCfg = Release|iPhone
		{14E72E1A-8E9E-4828-BDD8-3D4833844513}.Release|iPhone.Build.0 = Release|iPhone
		{14E72E1A-8E9E-4828-BDD8-3D4833844513}.Release|iPhone.Deploy.0 = Release|iPhone
		{14E72E1A-8E9E-4828-BDD8-3D4833844513}.Release|iPhoneSimulator.ActiveCfg = Release|iPhoneSimulator
		{14E72E1A-8E9E-4828-BDD8-3D4833844513}.Release|iPhoneSimulator.Build.0 = Release|iPhoneSimulator
		{14E72E1A-8E9E-4828-BDD8-3D4833844513}.Release|iPhoneSimulator.Deploy.0 = Release|iPhoneSimulator
		{4F700AC0-80FF-453B-8684-6DF29851A10F}.Debug|Any CPU.ActiveCfg = Debug|Any CPU
		{4F700AC0-80FF-453B-8684-6DF29851A10F}.Debug|Any CPU.Build.0 = Debug|Any CPU
		{4F700AC0-80FF-453B-8684-6DF29851A10F}.Debug|Any CPU.Deploy.0 = Debug|Any CPU
		{4F700AC0-80FF-453B-8684-6DF29851A10F}.Debug|iPhone.ActiveCfg = Debug|Any CPU
		{4F700AC0-80FF-453B-8684-6DF29851A10F}.Debug|iPhone.Build.0 = Debug|Any CPU
		{4F700AC0-80FF-453B-8684-6DF29851A10F}.Debug|iPhone.Deploy.0 = Debug|Any CPU
		{4F700AC0-80FF-453B-8684-6DF29851A10F}.Debug|iPhoneSimulator.ActiveCfg = Debug|Any CPU
		{4F700AC0-80FF-453B-8684-6DF29851A10F}.Debug|iPhoneSimulator.Build.0 = Debug|Any CPU
		{4F700AC0-80FF-453B-8684-6DF29851A10F}.Debug|iPhoneSimulator.Deploy.0 = Debug|Any CPU
		{4F700AC0-80FF-453B-8684-6DF29851A10F}.Release|Any CPU.ActiveCfg = Release|Any CPU
		{4F700AC0-80FF-453B-8684-6DF29851A10F}.Release|Any CPU.Build.0 = Release|Any CPU
		{4F700AC0-80FF-453B-8684-6DF29851A10F}.Release|Any CPU.Deploy.0 = Release|Any CPU
		{4F700AC0-80FF-453B-8684-6DF29851A10F}.Release|iPhone.ActiveCfg = Release|Any CPU
		{4F700AC0-80FF-453B-8684-6DF29851A10F}.Release|iPhone.Build.0 = Release|Any CPU
		{4F700AC0-80FF-453B-8684-6DF29851A10F}.Release|iPhone.Deploy.0 = Release|Any CPU
		{4F700AC0-80FF-453B-8684-6DF29851A10F}.Release|iPhoneSimulator.ActiveCfg = Release|Any CPU
		{4F700AC0-80FF-453B-8684-6DF29851A10F}.Release|iPhoneSimulator.Build.0 = Release|Any CPU
		{4F700AC0-80FF-453B-8684-6DF29851A10F}.Release|iPhoneSimulator.Deploy.0 = Release|Any CPU
	EndGlobalSection
	GlobalSection(SolutionProperties) = preSolution
		HideSolutionNode = FALSE
	EndGlobalSection
	GlobalSection(ExtensibilityGlobals) = postSolution
		SolutionGuid = {7425C25D-60D9-4950-835F-A90A2380900F}
	EndGlobalSection
EndGlobal
